// !$*UTF8*$!
{
	archiveVersion = 1;
	classes = {
	};
	objectVersion = 45;
	objects = {

/* Begin PBXBuildFile section */
		0E72601D100BD87D00EFF4AA /* CBoard.m in Sources */ = {isa = PBXBuildFile; fileRef = 0E725FEB100BD87D00EFF4AA /* CBoard.m */; };
		0E72601E100BD87D00EFF4AA /* CConnector.m in Sources */ = {isa = PBXBuildFile; fileRef = 0E725FED100BD87D00EFF4AA /* CConnector.m */; };
		0E72601F100BD87D00EFF4AA /* CDot.m in Sources */ = {isa = PBXBuildFile; fileRef = 0E725FEF100BD87D00EFF4AA /* CDot.m */; };
		0E726020100BD87D00EFF4AA /* Classes in Resources */ = {isa = PBXBuildFile; fileRef = 0E725FF0100BD87D00EFF4AA /* Classes */; };
		0E726021100BD87D00EFF4AA /* CNumber.m in Sources */ = {isa = PBXBuildFile; fileRef = 0E725FFB100BD87D00EFF4AA /* CNumber.m */; };
		0E726022100BD87D00EFF4AA /* congrats.xcf in Resources */ = {isa = PBXBuildFile; fileRef = 0E725FFC100BD87D00EFF4AA /* congrats.xcf */; };
		0E726023100BD87D00EFF4AA /* connector.original.png in Resources */ = {isa = PBXBuildFile; fileRef = 0E725FFD100BD87D00EFF4AA /* connector.original.png */; };
		0E726024100BD87D00EFF4AA /* connector.png in Resources */ = {isa = PBXBuildFile; fileRef = 0E725FFE100BD87D00EFF4AA /* connector.png */; };
		0E726025100BD87D00EFF4AA /* Default.png in Resources */ = {isa = PBXBuildFile; fileRef = 0E725FFF100BD87D00EFF4AA /* Default.png */; };
		0E726026100BD87D00EFF4AA /* English.lproj in Resources */ = {isa = PBXBuildFile; fileRef = 0E726000100BD87D00EFF4AA /* English.lproj */; };
		0E726027100BD87D00EFF4AA /* Erase.caf in Resources */ = {isa = PBXBuildFile; fileRef = 0E726006100BD87D00EFF4AA /* Erase.caf */; };
		0E726028100BD87D00EFF4AA /* French.lproj in Resources */ = {isa = PBXBuildFile; fileRef = 0E726007100BD87D00EFF4AA /* French.lproj */; };
		0E726029100BD87D00EFF4AA /* Localizable.strings in Resources */ = {isa = PBXBuildFile; fileRef = 0E72600C100BD87D00EFF4AA /* Localizable.strings */; };
		0E72602A100BD87D00EFF4AA /* main.m in Sources */ = {isa = PBXBuildFile; fileRef = 0E72600D100BD87D00EFF4AA /* main.m */; };
		0E72602B100BD87D00EFF4AA /* MainWindow.xib in Resources */ = {isa = PBXBuildFile; fileRef = 0E72600E100BD87D00EFF4AA /* MainWindow.xib */; };
		0E72602C100BD87D00EFF4AA /* marta_sales.png in Resources */ = {isa = PBXBuildFile; fileRef = 0E72600F100BD87D00EFF4AA /* marta_sales.png */; };
		0E72602D100BD87D00EFF4AA /* msales.png in Resources */ = {isa = PBXBuildFile; fileRef = 0E726010100BD87D00EFF4AA /* msales.png */; };
		0E72602E100BD87D00EFF4AA /* Portuguese.lproj in Resources */ = {isa = PBXBuildFile; fileRef = 0E726011100BD87D00EFF4AA /* Portuguese.lproj */; };
		0E72602F100BD87D00EFF4AA /* Select.caf in Resources */ = {isa = PBXBuildFile; fileRef = 0E726016100BD87D00EFF4AA /* Select.caf */; };
		0E726030100BD87D00EFF4AA /* Spanish.lproj in Resources */ = {isa = PBXBuildFile; fileRef = 0E726017100BD87D00EFF4AA /* Spanish.lproj */; };
		0E726031100BD87D00EFF4AA /* success.caf in Resources */ = {isa = PBXBuildFile; fileRef = 0E72601C100BD87D00EFF4AA /* success.caf */; };
		1D3623260D0F684500981E51 /* NumeriLiteAppDelegate.m in Sources */ = {isa = PBXBuildFile; fileRef = 1D3623250D0F684500981E51 /* NumeriLiteAppDelegate.m */; };
		1D60589F0D05DD5A006BFB54 /* Foundation.framework in Frameworks */ = {isa = PBXBuildFile; fileRef = 1D30AB110D05D00D00671497 /* Foundation.framework */; };
		1DF5F4E00D08C38300B7A737 /* UIKit.framework in Frameworks */ = {isa = PBXBuildFile; fileRef = 1DF5F4DF0D08C38300B7A737 /* UIKit.framework */; };
		288765FD0DF74451002DB57D /* CoreGraphics.framework in Frameworks */ = {isa = PBXBuildFile; fileRef = 288765FC0DF74451002DB57D /* CoreGraphics.framework */; };
		28AD733F0D9D9553002E5188 /* MainWindow.xib in Resources */ = {isa = PBXBuildFile; fileRef = 28AD733E0D9D9553002E5188 /* MainWindow.xib */; };
/* End PBXBuildFile section */

/* Begin PBXFileReference section */
		0E725FEA100BD87D00EFF4AA /* CBoard.h */ = {isa = PBXFileReference; fileEncoding = 4; lastKnownFileType = sourcecode.c.h; name = CBoard.h; path = ../CBoard.h; sourceTree = SOURCE_ROOT; };
		0E725FEB100BD87D00EFF4AA /* CBoard.m */ = {isa = PBXFileReference; fileEncoding = 4; lastKnownFileType = sourcecode.c.objc; name = CBoard.m; path = ../CBoard.m; sourceTree = SOURCE_ROOT; };
		0E725FEC100BD87D00EFF4AA /* CConnector.h */ = {isa = PBXFileReference; fileEncoding = 4; lastKnownFileType = sourcecode.c.h; name = CConnector.h; path = ../CConnector.h; sourceTree = SOURCE_ROOT; };
		0E725FED100BD87D00EFF4AA /* CConnector.m */ = {isa = PBXFileReference; fileEncoding = 4; lastKnownFileType = sourcecode.c.objc; name = CConnector.m; path = ../CConnector.m; sourceTree = SOURCE_ROOT; };
		0E725FEE100BD87D00EFF4AA /* CDot.h */ = {isa = PBXFileReference; fileEncoding = 4; lastKnownFileType = sourcecode.c.h; name = CDot.h; path = ../CDot.h; sourceTree = SOURCE_ROOT; };
		0E725FEF100BD87D00EFF4AA /* CDot.m */ = {isa = PBXFileReference; fileEncoding = 4; lastKnownFileType = sourcecode.c.objc; name = CDot.m; path = ../CDot.m; sourceTree = SOURCE_ROOT; };
		0E725FF0100BD87D00EFF4AA /* Classes */ = {isa = PBXFileReference; lastKnownFileType = folder; name = Classes; path = ../Classes; sourceTree = SOURCE_ROOT; };
		0E725FFA100BD87D00EFF4AA /* CNumber.h */ = {isa = PBXFileReference; fileEncoding = 4; lastKnownFileType = sourcecode.c.h; name = CNumber.h; path = ../CNumber.h; sourceTree = SOURCE_ROOT; };
		0E725FFB100BD87D00EFF4AA /* CNumber.m */ = {isa = PBXFileReference; fileEncoding = 4; lastKnownFileType = sourcecode.c.objc; name = CNumber.m; path = ../CNumber.m; sourceTree = SOURCE_ROOT; };
		0E725FFC100BD87D00EFF4AA /* congrats.xcf */ = {isa = PBXFileReference; lastKnownFileType = file; name = congrats.xcf; path = ../congrats.xcf; sourceTree = SOURCE_ROOT; };
		0E725FFD100BD87D00EFF4AA /* connector.original.png */ = {isa = PBXFileReference; lastKnownFileType = image.png; name = connector.original.png; path = ../connector.original.png; sourceTree = SOURCE_ROOT; };
		0E725FFE100BD87D00EFF4AA /* connector.png */ = {isa = PBXFileReference; lastKnownFileType = image.png; name = connector.png; path = ../connector.png; sourceTree = SOURCE_ROOT; };
		0E725FFF100BD87D00EFF4AA /* Default.png */ = {isa = PBXFileReference; lastKnownFileType = image.png; name = Default.png; path = ../Default.png; sourceTree = SOURCE_ROOT; };
		0E726000100BD87D00EFF4AA /* English.lproj */ = {isa = PBXFileReference; lastKnownFileType = folder; name = English.lproj; path = ../English.lproj; sourceTree = SOURCE_ROOT; };
		0E726005100BD87D00EFF4AA /* Enums.h */ = {isa = PBXFileReference; fileEncoding = 4; lastKnownFileType = sourcecode.c.h; name = Enums.h; path = ../Enums.h; sourceTree = SOURCE_ROOT; };
		0E726006100BD87D00EFF4AA /* Erase.caf */ = {isa = PBXFileReference; lastKnownFileType = file; name = Erase.caf; path = ../Erase.caf; sourceTree = SOURCE_ROOT; };
		0E726007100BD87D00EFF4AA /* French.lproj */ = {isa = PBXFileReference; lastKnownFileType = folder; name = French.lproj; path = ../French.lproj; sourceTree = SOURCE_ROOT; };
		0E72600C100BD87D00EFF4AA /* Localizable.strings */ = {isa = PBXFileReference; fileEncoding = 4; lastKnownFileType = text.plist.strings; name = Localizable.strings; path = ../Localizable.strings; sourceTree = SOURCE_ROOT; };
		0E72600D100BD87D00EFF4AA /* main.m */ = {isa = PBXFileReference; fileEncoding = 4; lastKnownFileType = sourcecode.c.objc; name = main.m; path = ../main.m; sourceTree = SOURCE_ROOT; };
		0E72600E100BD87D00EFF4AA /* MainWindow.xib */ = {isa = PBXFileReference; lastKnownFileType = file.xib; name = MainWindow.xib; path = ../MainWindow.xib; sourceTree = SOURCE_ROOT; };
		0E72600F100BD87D00EFF4AA /* marta_sales.png */ = {isa = PBXFileReference; lastKnownFileType = image.png; name = marta_sales.png; path = ../marta_sales.png; sourceTree = SOURCE_ROOT; };
		0E726010100BD87D00EFF4AA /* msales.png */ = {isa = PBXFileReference; lastKnownFileType = image.png; name = msales.png; path = ../msales.png; sourceTree = SOURCE_ROOT; };
		0E726011100BD87D00EFF4AA /* Portuguese.lproj */ = {isa = PBXFileReference; lastKnownFileType = folder; name = Portuguese.lproj; path = ../Portuguese.lproj; sourceTree = SOURCE_ROOT; };
		0E726016100BD87D00EFF4AA /* Select.caf */ = {isa = PBXFileReference; lastKnownFileType = file; name = Select.caf; path = ../Select.caf; sourceTree = SOURCE_ROOT; };
		0E726017100BD87D00EFF4AA /* Spanish.lproj */ = {isa = PBXFileReference; lastKnownFileType = folder; name = Spanish.lproj; path = ../Spanish.lproj; sourceTree = SOURCE_ROOT; };
		0E72601C100BD87D00EFF4AA /* success.caf */ = {isa = PBXFileReference; lastKnownFileType = file; name = success.caf; path = ../success.caf; sourceTree = SOURCE_ROOT; };
		1D30AB110D05D00D00671497 /* Foundation.framework */ = {isa = PBXFileReference; lastKnownFileType = wrapper.framework; name = Foundation.framework; path = System/Library/Frameworks/Foundation.framework; sourceTree = SDKROOT; };
		1D3623240D0F684500981E51 /* NumeriLiteAppDelegate.h */ = {isa = PBXFileReference; fileEncoding = 4; lastKnownFileType = sourcecode.c.h; path = NumeriLiteAppDelegate.h; sourceTree = "<group>"; };
		1D3623250D0F684500981E51 /* NumeriLiteAppDelegate.m */ = {isa = PBXFileReference; fileEncoding = 4; lastKnownFileType = sourcecode.c.objc; path = NumeriLiteAppDelegate.m; sourceTree = "<group>"; };
		1D6058910D05DD3D006BFB54 /* NumeriLite.app */ = {isa = PBXFileReference; explicitFileType = wrapper.application; includeInIndex = 0; path = NumeriLite.app; sourceTree = BUILT_PRODUCTS_DIR; };
		1DF5F4DF0D08C38300B7A737 /* UIKit.framework */ = {isa = PBXFileReference; lastKnownFileType = wrapper.framework; name = UIKit.framework; path = System/Library/Frameworks/UIKit.framework; sourceTree = SDKROOT; };
		288765FC0DF74451002DB57D /* CoreGraphics.framework */ = {isa = PBXFileReference; lastKnownFileType = wrapper.framework; name = CoreGraphics.framework; path = System/Library/Frameworks/CoreGraphics.framework; sourceTree = SDKROOT; };
		28AD733E0D9D9553002E5188 /* MainWindow.xib */ = {isa = PBXFileReference; lastKnownFileType = file.xib; path = MainWindow.xib; sourceTree = "<group>"; };
		32CA4F630368D1EE00C91783 /* NumeriLite_Prefix.pch */ = {isa = PBXFileReference; fileEncoding = 4; lastKnownFileType = sourcecode.c.h; path = NumeriLite_Prefix.pch; sourceTree = "<group>"; };
		8D1107310486CEB800E47090 /* Info.plist */ = {isa = PBXFileReference; fileEncoding = 4; lastKnownFileType = text.plist.xml; path = Info.plist; sourceTree = "<group>"; };
/* End PBXFileReference section */

/* Begin PBXFrameworksBuildPhase section */
		1D60588F0D05DD3D006BFB54 /* Frameworks */ = {
			isa = PBXFrameworksBuildPhase;
			buildActionMask = 2147483647;
			files = (
				1D60589F0D05DD5A006BFB54 /* Foundation.framework in Frameworks */,
				1DF5F4E00D08C38300B7A737 /* UIKit.framework in Frameworks */,
				288765FD0DF74451002DB57D /* CoreGraphics.framework in Frameworks */,
			);
			runOnlyForDeploymentPostprocessing = 0;
		};
/* End PBXFrameworksBuildPhase section */

/* Begin PBXGroup section */
		080E96DDFE201D6D7F000001 /* Classes */ = {
			isa = PBXGroup;
			children = (
				0E725FEA100BD87D00EFF4AA /* CBoard.h */,
				0E725FEB100BD87D00EFF4AA /* CBoard.m */,
				0E725FEC100BD87D00EFF4AA /* CConnector.h */,
				0E725FED100BD87D00EFF4AA /* CConnector.m */,
				0E725FEE100BD87D00EFF4AA /* CDot.h */,
				0E725FEF100BD87D00EFF4AA /* CDot.m */,
				0E725FF0100BD87D00EFF4AA /* Classes */,
				0E725FFA100BD87D00EFF4AA /* CNumber.h */,
				0E725FFB100BD87D00EFF4AA /* CNumber.m */,
				0E725FFC100BD87D00EFF4AA /* congrats.xcf */,
				0E725FFD100BD87D00EFF4AA /* connector.original.png */,
				0E725FFE100BD87D00EFF4AA /* connector.png */,
				0E725FFF100BD87D00EFF4AA /* Default.png */,
				0E726000100BD87D00EFF4AA /* English.lproj */,
				0E726005100BD87D00EFF4AA /* Enums.h */,
				0E726006100BD87D00EFF4AA /* Erase.caf */,
				0E726007100BD87D00EFF4AA /* French.lproj */,
				0E72600C100BD87D00EFF4AA /* Localizable.strings */,
				0E72600D100BD87D00EFF4AA /* main.m */,
				0E72600E100BD87D00EFF4AA /* MainWindow.xib */,
				0E72600F100BD87D00EFF4AA /* marta_sales.png */,
				0E726010100BD87D00EFF4AA /* msales.png */,
				0E726011100BD87D00EFF4AA /* Portuguese.lproj */,
				0E726016100BD87D00EFF4AA /* Select.caf */,
				0E726017100BD87D00EFF4AA /* Spanish.lproj */,
				0E72601C100BD87D00EFF4AA /* success.caf */,
				1D3623240D0F684500981E51 /* NumeriLiteAppDelegate.h */,
				1D3623250D0F684500981E51 /* NumeriLiteAppDelegate.m */,
			);
			path = Classes;
			sourceTree = "<group>";
		};
		19C28FACFE9D520D11CA2CBB /* Products */ = {
			isa = PBXGroup;
			children = (
				1D6058910D05DD3D006BFB54 /* NumeriLite.app */,
			);
			name = Products;
			sourceTree = "<group>";
		};
		29B97314FDCFA39411CA2CEA /* CustomTemplate */ = {
			isa = PBXGroup;
			children = (
				080E96DDFE201D6D7F000001 /* Classes */,
				29B97315FDCFA39411CA2CEA /* Other Sources */,
				29B97317FDCFA39411CA2CEA /* Resources */,
				29B97323FDCFA39411CA2CEA /* Frameworks */,
				19C28FACFE9D520D11CA2CBB /* Products */,
			);
			name = CustomTemplate;
			sourceTree = "<group>";
		};
		29B97315FDCFA39411CA2CEA /* Other Sources */ = {
			isa = PBXGroup;
			children = (
				32CA4F630368D1EE00C91783 /* NumeriLite_Prefix.pch */,
			);
			name = "Other Sources";
			sourceTree = "<group>";
		};
		29B97317FDCFA39411CA2CEA /* Resources */ = {
			isa = PBXGroup;
			children = (
				28AD733E0D9D9553002E5188 /* MainWindow.xib */,
				8D1107310486CEB800E47090 /* Info.plist */,
			);
			name = Resources;
			sourceTree = "<group>";
		};
		29B97323FDCFA39411CA2CEA /* Frameworks */ = {
			isa = PBXGroup;
			children = (
				1DF5F4DF0D08C38300B7A737 /* UIKit.framework */,
				1D30AB110D05D00D00671497 /* Foundation.framework */,
				288765FC0DF74451002DB57D /* CoreGraphics.framework */,
			);
			name = Frameworks;
			sourceTree = "<group>";
		};
/* End PBXGroup section */

/* Begin PBXNativeTarget section */
		1D6058900D05DD3D006BFB54 /* NumeriLite */ = {
			isa = PBXNativeTarget;
			buildConfigurationList = 1D6058960D05DD3E006BFB54 /* Build configuration list for PBXNativeTarget "NumeriLite" */;
			buildPhases = (
				1D60588D0D05DD3D006BFB54 /* Resources */,
				1D60588E0D05DD3D006BFB54 /* Sources */,
				1D60588F0D05DD3D006BFB54 /* Frameworks */,
			);
			buildRules = (
			);
			dependencies = (
			);
			name = NumeriLite;
			productName = NumeriLite;
			productReference = 1D6058910D05DD3D006BFB54 /* NumeriLite.app */;
			productType = "com.apple.product-type.application";
		};
/* End PBXNativeTarget section */

/* Begin PBXProject section */
		29B97313FDCFA39411CA2CEA /* Project object */ = {
			isa = PBXProject;
			buildConfigurationList = C01FCF4E08A954540054247B /* Build configuration list for PBXProject "NumeriLite" */;
			compatibilityVersion = "Xcode 3.1";
			hasScannedForEncodings = 1;
			mainGroup = 29B97314FDCFA39411CA2CEA /* CustomTemplate */;
			projectDirPath = "";
			projectRoot = "";
			targets = (
				1D6058900D05DD3D006BFB54 /* NumeriLite */,
			);
		};
/* End PBXProject section */

/* Begin PBXResourcesBuildPhase section */
		1D60588D0D05DD3D006BFB54 /* Resources */ = {
			isa = PBXResourcesBuildPhase;
			buildActionMask = 2147483647;
			files = (
				28AD733F0D9D9553002E5188 /* MainWindow.xib in Resources */,
				0E726020100BD87D00EFF4AA /* Classes in Resources */,
				0E726022100BD87D00EFF4AA /* congrats.xcf in Resources */,
				0E726023100BD87D00EFF4AA /* connector.original.png in Resources */,
				0E726024100BD87D00EFF4AA /* connector.png in Resources */,
				0E726025100BD87D00EFF4AA /* Default.png in Resources */,
				0E726026100BD87D00EFF4AA /* English.lproj in Resources */,
				0E726027100BD87D00EFF4AA /* Erase.caf in Resources */,
				0E726028100BD87D00EFF4AA /* French.lproj in Resources */,
				0E726029100BD87D00EFF4AA /* Localizable.strings in Resources */,
				0E72602B100BD87D00EFF4AA /* MainWindow.xib in Resources */,
				0E72602C100BD87D00EFF4AA /* marta_sales.png in Resources */,
				0E72602D100BD87D00EFF4AA /* msales.png in Resources */,
				0E72602E100BD87D00EFF4AA /* Portuguese.lproj in Resources */,
				0E72602F100BD87D00EFF4AA /* Select.caf in Resources */,
				0E726030100BD87D00EFF4AA /* Spanish.lproj in Resources */,
				0E726031100BD87D00EFF4AA /* success.caf in Resources */,
			);
			runOnlyForDeploymentPostprocessing = 0;
		};
/* End PBXResourcesBuildPhase section */

/* Begin PBXSourcesBuildPhase section */
		1D60588E0D05DD3D006BFB54 /* Sources */ = {
			isa = PBXSourcesBuildPhase;
			buildActionMask = 2147483647;
			files = (
				1D3623260D0F684500981E51 /* NumeriLiteAppDelegate.m in Sources */,
				0E72601D100BD87D00EFF4AA /* CBoard.m in Sources */,
				0E72601E100BD87D00EFF4AA /* CConnector.m in Sources */,
				0E72601F100BD87D00EFF4AA /* CDot.m in Sources */,
				0E726021100BD87D00EFF4AA /* CNumber.m in Sources */,
				0E72602A100BD87D00EFF4AA /* main.m in Sources */,
			);
			runOnlyForDeploymentPostprocessing = 0;
		};
/* End PBXSourcesBuildPhase section */

/* Begin XCBuildConfiguration section */
		1D6058940D05DD3E006BFB54 /* Debug */ = {
			isa = XCBuildConfiguration;
			buildSettings = {
				ALWAYS_SEARCH_USER_PATHS = NO;
				COPY_PHASE_STRIP = NO;
				GCC_DYNAMIC_NO_PIC = NO;
				GCC_OPTIMIZATION_LEVEL = 0;
				GCC_PRECOMPILE_PREFIX_HEADER = YES;
				GCC_PREFIX_HEADER = NumeriLite_Prefix.pch;
				INFOPLIST_FILE = Info.plist;
				PRODUCT_NAME = NumeriLite;
			};
			name = Debug;
		};
		1D6058950D05DD3E006BFB54 /* Release */ = {
			isa = XCBuildConfiguration;
			buildSettings = {
				ALWAYS_SEARCH_USER_PATHS = NO;
				COPY_PHASE_STRIP = YES;
				GCC_PRECOMPILE_PREFIX_HEADER = YES;
				GCC_PREFIX_HEADER = NumeriLite_Prefix.pch;
				INFOPLIST_FILE = Info.plist;
				PRODUCT_NAME = NumeriLite;
			};
			name = Release;
		};
		C01FCF4F08A954540054247B /* Debug */ = {
			isa = XCBuildConfiguration;
			buildSettings = {
				ARCHS = "$(ARCHS_STANDARD_32_BIT)";
				"CODE_SIGN_IDENTITY[sdk=iphoneos*]" = "iPhone Developer";
				GCC_C_LANGUAGE_STANDARD = c99;
				GCC_WARN_ABOUT_RETURN_TYPE = YES;
				GCC_WARN_UNUSED_VARIABLE = YES;
				ONLY_ACTIVE_ARCH = YES;
				PREBINDING = NO;
				SDKROOT = iphoneos2.2.1;
			};
			name = Debug;
		};
		C01FCF5008A954540054247B /* Release */ = {
			isa = XCBuildConfiguration;
			buildSettings = {
				ARCHS = "$(ARCHS_STANDARD_32_BIT)";
				"CODE_SIGN_IDENTITY[sdk=iphoneos*]" = "iPhone Developer";
				GCC_C_LANGUAGE_STANDARD = c99;
				GCC_WARN_ABOUT_RETURN_TYPE = YES;
				GCC_WARN_UNUSED_VARIABLE = YES;
				PREBINDING = NO;
				SDKROOT = iphoneos2.2.1;
			};
			name = Release;
		};
/* End XCBuildConfiguration section */

/* Begin XCConfigurationList section */
		1D6058960D05DD3E006BFB54 /* Build configuration list for PBXNativeTarget "NumeriLite" */ = {
			isa = XCConfigurationList;
			buildConfigurations = (
				1D6058940D05DD3E006BFB54 /* Debug */,
				1D6058950D05DD3E006BFB54 /* Release */,
			);
			defaultConfigurationIsVisible = 0;
			defaultConfigurationName = Release;
		};
		C01FCF4E08A954540054247B /* Build configuration list for PBXProject "NumeriLite" */ = {
			isa = XCConfigurationList;
			buildConfigurations = (
				C01FCF4F08A954540054247B /* Debug */,
				C01FCF5008A954540054247B /* Release */,
			);
			defaultConfigurationIsVisible = 0;
			defaultConfigurationName = Release;
		};
/* End XCConfigurationList section */
	};
	rootObject = 29B97313FDCFA39411CA2CEA /* Project object */;
}
